{
  "nodes": {
    "crane": {
      "locked": {
        "lastModified": 1752625801,
        "narHash": "sha256-T1XWEFfw+iNrvlRczZS4BkaZJ5W3Z2Xp+31P2IShJj8=",
        "owner": "ipetkov",
        "repo": "crane",
        "rev": "471f8cd756349f4e86784ea10fdc9ccb91711fca",
        "type": "github"
      },
      "original": {
        "owner": "ipetkov",
        "repo": "crane",
        "type": "github"
      }
    },
    "flake-utils": {
      "inputs": {
        "systems": "systems"
      },
      "locked": {
        "lastModified": 1731533236,
        "narHash": "sha256-l0KFg5HjrsfsO/JpG+r7fRrqm12kzFHyUHqHCVpMMbI=",
        "owner": "numtide",
        "repo": "flake-utils",
        "rev": "11707dc2f618dd54ca8739b309ec4fc024de578b",
        "type": "github"
      },
      "original": {
        "owner": "numtide",
        "repo": "flake-utils",
        "type": "github"
      }
    },
    "flake-utils_2": {
      "inputs": {
        "systems": "systems_2"
      },
      "locked": {
        "lastModified": 1692799911,
        "narHash": "sha256-3eihraek4qL744EvQXsK1Ha6C3CR7nnT8X2qWap4RNk=",
        "owner": "numtide",
        "repo": "flake-utils",
        "rev": "f9e7cf818399d17d347f847525c5a5a8032e4e44",
        "type": "github"
      },
      "original": {
        "id": "flake-utils",
        "type": "indirect"
      }
    },
    "fstar": {
      "inputs": {
        "flake-utils": "flake-utils_2",
        "nixpkgs": "nixpkgs"
      },
      "locked": {
        "lastModified": 1742959035,
        "narHash": "sha256-PhjfThXF6fJlFHtNEURG4igCnM6VegWODypmRvnZPdA=",
        "owner": "FStarLang",
        "repo": "FStar",
        "rev": "71d8221589d4d438af3706d89cb653cf53e18aab",
        "type": "github"
      },
      "original": {
        "owner": "FStarLang",
        "ref": "v2025.03.25",
        "repo": "FStar",
        "type": "github"
      }
    },
    "hacl-star": {
      "flake": false,
      "locked": {
        "lastModified": 1752721968,
        "narHash": "sha256-CyQvUUT6kFBxG/cQYEt9xPipEsOa5OQg1B9iYILnVz0=",
        "owner": "hacl-star",
        "repo": "hacl-star",
        "rev": "b75b1a44f4663b369209f93fb6b5744b3a6a709b",
        "type": "github"
      },
      "original": {
        "owner": "hacl-star",
        "repo": "hacl-star",
        "type": "github"
      }
    },
    "nixpkgs": {
      "locked": {
        "lastModified": 1693158576,
        "narHash": "sha256-aRTTXkYvhXosGx535iAFUaoFboUrZSYb1Ooih/auGp0=",
        "owner": "NixOS",
        "repo": "nixpkgs",
        "rev": "a999c1cc0c9eb2095729d5aa03e0d8f7ed256780",
        "type": "github"
      },
      "original": {
        "id": "nixpkgs",
        "ref": "nixos-unstable",
        "type": "indirect"
      }
    },
    "nixpkgs_2": {
      "locked": {
        "lastModified": 1752735392,
        "narHash": "sha256-6MVfahGRB3quXdoepoHP8AvMDGOxAGzSjF+PyR8qFR0=",
        "owner": "nixos",
        "repo": "nixpkgs",
        "rev": "994618699f294e93b840df6f44b089d6fedb7e4a",
        "type": "github"
      },
      "original": {
        "owner": "nixos",
        "repo": "nixpkgs",
        "type": "github"
      }
    },
    "root": {
      "inputs": {
        "crane": "crane",
        "flake-utils": "flake-utils",
        "fstar": "fstar",
        "hacl-star": "hacl-star",
        "nixpkgs": "nixpkgs_2",
        "rust-by-examples": "rust-by-examples",
        "rust-overlay": "rust-overlay"
      }
    },
    "rust-by-examples": {
      "flake": false,
      "locked": {
        "lastModified": 1751671035,
        "narHash": "sha256-QqhvYJg9Tox5m5a4+IfAvfNhASSADs5tkE14qrNK3dM=",
        "owner": "rust-lang",
        "repo": "rust-by-example",
        "rev": "e386be5f44af711854207c11fdd61bb576270b04",
        "type": "github"
      },
      "original": {
        "owner": "rust-lang",
        "repo": "rust-by-example",
        "type": "github"
      }
    },
    "rust-overlay": {
      "inputs": {
        "nixpkgs": [
          "nixpkgs"
        ]
      },
      "locked": {
        "lastModified": 1753066249,
        "narHash": "sha256-j2UBrfDRIePGx3532Bbb9UeosNX2F73hfOAHtmACfnM=",
        "owner": "oxalica",
        "repo": "rust-overlay",
        "rev": "0751b65633a1785743ca44fd7c14a633c54c1f91",
        "type": "github"
      },
      "original": {
        "owner": "oxalica",
        "repo": "rust-overlay",
        "type": "github"
      }
    },
    "systems": {
      "locked": {
        "lastModified": 1681028828,
        "narHash": "sha256-Vy1rq5AaRuLzOxct8nz4T6wlgyUR7zLU309k9mBC768=",
        "owner": "nix-systems",
        "repo": "default",
        "rev": "da67096a3b9bf56a91d16901293e51ba5b49a27e",
        "type": "github"
      },
      "original": {
        "owner": "nix-systems",
        "repo": "default",
        "type": "github"
      }
    },
    "systems_2": {
      "locked": {
        "lastModified": 1681028828,
        "narHash": "sha256-Vy1rq5AaRuLzOxct8nz4T6wlgyUR7zLU309k9mBC768=",
        "owner": "nix-systems",
        "repo": "default",
        "rev": "da67096a3b9bf56a91d16901293e51ba5b49a27e",
        "type": "github"
      },
      "original": {
        "owner": "nix-systems",
        "repo": "default",
        "type": "github"
      }
    }
  },
  "root": "root",
  "version": 7
}
